
Microsoft Visual Studio Solution File, Format Version 12.00
# Visual Studio Version 17
VisualStudioVersion = 17.8.34309.116
MinimumVisualStudioVersion = 10.0.40219.1
Project("{9A19103F-16F7-4668-BE54-9A1E7A4F7556}") = "EZImGui", "EZImGui.csproj", "{A1AB9826-9212-41C4-9FB6-76AFB260900F}"
EndProject
Global
	GlobalSection(SolutionConfigurationPlatforms) = preSolution
		Debug|Any CPU = Debug|Any CPU
		Release|Any CPU = Release|Any CPU
	EndGlobalSection
	GlobalSection(ProjectConfigurationPlatforms) = postSolution
		{A1AB9826-9212-41C4-9FB6-76AFB260900F}.Debug|Any CPU.ActiveCfg = Debug|Any CPU
		{A1AB9826-9212-41C4-9FB6-76AFB260900F}.Debug|Any CPU.Build.0 = Debug|Any CPU
		{A1AB9826-9212-41C4-9FB6-76AFB260900F}.Release|Any CPU.ActiveCfg = Release|Any CPU
		{A1AB9826-9212-41C4-9FB6-76AFB260900F}.Release|Any CPU.Build.0 = Release|Any CPU
	EndGlobalSection
	GlobalSection(SolutionProperties) = preSolution
		HideSolutionNode = FALSE
	EndGlobalSection
	GlobalSection(ExtensibilityGlobals) = postSolution
		SolutionGuid = {34A6944C-9604-4AA7-9629-8E82D4410A3F}
	EndGlobalSection
EndGlobal
